
Microsoft Visual Studio Solution File, Format Version 12.00
# Visual Studio Version 16
VisualStudioVersion = 16.0.32228.343
MinimumVisualStudioVersion = 10.0.40219.1
Project("{FAE04EC0-301F-11D3-BF4B-00C04F79EFBC}") = "WebApplication2", "WebApplication2\WebApplication2.csproj", "{9BAFAC17-1AC3-44C3-87A2-F499455949A2}"
EndProject
Global
	GlobalSection(SolutionConfigurationPlatforms) = preSolution
		Debug|Any CPU = Debug|Any CPU
		Release|Any CPU = Release|Any CPU
	EndGlobalSection
	GlobalSection(ProjectConfigurationPlatforms) = postSolution
		{9BAFAC17-1AC3-44C3-87A2-F499455949A2}.Debug|Any CPU.ActiveCfg = Debug|Any CPU
		{9BAFAC17-1AC3-44C3-87A2-F499455949A2}.Debug|Any CPU.Build.0 = Debug|Any CPU
		{9BAFAC17-1AC3-44C3-87A2-F499455949A2}.Release|Any CPU.ActiveCfg = Release|Any CPU
		{9BAFAC17-1AC3-44C3-87A2-F499455949A2}.Release|Any CPU.Build.0 = Release|Any CPU
	EndGlobalSection
	GlobalSection(SolutionProperties) = preSolution
		HideSolutionNode = FALSE
	EndGlobalSection
	GlobalSection(ExtensibilityGlobals) = postSolution
		SolutionGuid = {A39AF4D7-4821-4445-A8C2-1B820CB9767B}
	EndGlobalSection
EndGlobal
